// !$*UTF8*$!
{
	archiveVersion = 1;
	classes = {
	};
	objectVersion = 50;
	objects = {

/* Begin PBXBuildFile section */
		1822868920F8686D00941857 /* PersonalDetailsViewController.swift in Sources */ = {isa = PBXBuildFile; fileRef = 1822868820F8686D00941857 /* PersonalDetailsViewController.swift */; };
		18FAC7B720F737F1006C89B9 /* AppDelegate.swift in Sources */ = {isa = PBXBuildFile; fileRef = 18FAC7B620F737F1006C89B9 /* AppDelegate.swift */; };
		18FAC7BC20F737F1006C89B9 /* Main.storyboard in Resources */ = {isa = PBXBuildFile; fileRef = 18FAC7BA20F737F1006C89B9 /* Main.storyboard */; };
		18FAC7BE20F737FA006C89B9 /* Assets.xcassets in Resources */ = {isa = PBXBuildFile; fileRef = 18FAC7BD20F737FA006C89B9 /* Assets.xcassets */; };
		18FAC7C120F737FA006C89B9 /* LaunchScreen.storyboard in Resources */ = {isa = PBXBuildFile; fileRef = 18FAC7BF20F737FA006C89B9 /* LaunchScreen.storyboard */; };
		18FAC7CC20F737FA006C89B9 /* Maa_ShaktiTests.swift in Sources */ = {isa = PBXBuildFile; fileRef = 18FAC7CB20F737FA006C89B9 /* Maa_ShaktiTests.swift */; };
		18FAC7D720F737FA006C89B9 /* Maa_ShaktiUITests.swift in Sources */ = {isa = PBXBuildFile; fileRef = 18FAC7D620F737FA006C89B9 /* Maa_ShaktiUITests.swift */; };
		18FAC7E520F747B2006C89B9 /* SlideMenuViewController.swift in Sources */ = {isa = PBXBuildFile; fileRef = 18FAC7E420F747B2006C89B9 /* SlideMenuViewController.swift */; };
		18FAC7EB20F7482F006C89B9 /* MenuViewController.swift in Sources */ = {isa = PBXBuildFile; fileRef = 18FAC7EA20F7482F006C89B9 /* MenuViewController.swift */; };
		18FAC7ED20F74841006C89B9 /* DashBoardViewController.swift in Sources */ = {isa = PBXBuildFile; fileRef = 18FAC7EC20F74841006C89B9 /* DashBoardViewController.swift */; };
		18FAC7F020F76DF2006C89B9 /* CustomFunctions.swift in Sources */ = {isa = PBXBuildFile; fileRef = 18FAC7EF20F76DF2006C89B9 /* CustomFunctions.swift */; };
		18FAC7F220F76E07006C89B9 /* Constants.swift in Sources */ = {isa = PBXBuildFile; fileRef = 18FAC7F120F76E07006C89B9 /* Constants.swift */; };
		18FAC7F420F772C4006C89B9 /* MenuTableViewCell.swift in Sources */ = {isa = PBXBuildFile; fileRef = 18FAC7F320F772C4006C89B9 /* MenuTableViewCell.swift */; };
		18FAC7F620F78934006C89B9 /* ConfirmViewController.swift in Sources */ = {isa = PBXBuildFile; fileRef = 18FAC7F520F78934006C89B9 /* ConfirmViewController.swift */; };
		81ED3B0460367974EFFE3D63 /* Pods_Maa_ShaktiTests.framework in Frameworks */ = {isa = PBXBuildFile; fileRef = 234B39C5AF8AD5988A67FDFE /* Pods_Maa_ShaktiTests.framework */; };
		B13C8456C4D1B7696990E98E /* Pods_Maa_ShaktiUITests.framework in Frameworks */ = {isa = PBXBuildFile; fileRef = 388761154F71463C03F78C82 /* Pods_Maa_ShaktiUITests.framework */; };
		EAF13466B5C71D414590B3D0 /* Pods_Maa_Shakti.framework in Frameworks */ = {isa = PBXBuildFile; fileRef = 2F0C0C722AC655C56B3ACE4A /* Pods_Maa_Shakti.framework */; };
/* End PBXBuildFile section */

/* Begin PBXContainerItemProxy section */
		18FAC7C820F737FA006C89B9 /* PBXContainerItemProxy */ = {
			isa = PBXContainerItemProxy;
			containerPortal = 18FAC7AB20F737F1006C89B9 /* Project object */;
			proxyType = 1;
			remoteGlobalIDString = 18FAC7B220F737F1006C89B9;
			remoteInfo = "Maa Shakti";
		};
		18FAC7D320F737FA006C89B9 /* PBXContainerItemProxy */ = {
			isa = PBXContainerItemProxy;
			containerPortal = 18FAC7AB20F737F1006C89B9 /* Project object */;
			proxyType = 1;
			remoteGlobalIDString = 18FAC7B220F737F1006C89B9;
			remoteInfo = "Maa Shakti";
		};
/* End PBXContainerItemProxy section */

/* Begin PBXFileReference section */
		1822868820F8686D00941857 /* PersonalDetailsViewController.swift */ = {isa = PBXFileReference; lastKnownFileType = sourcecode.swift; path = PersonalDetailsViewController.swift; sourceTree = "<group>"; };
		18FAC7B320F737F1006C89B9 /* Maa Shakti.app */ = {isa = PBXFileReference; explicitFileType = wrapper.application; includeInIndex = 0; path = "Maa Shakti.app"; sourceTree = BUILT_PRODUCTS_DIR; };
		18FAC7B620F737F1006C89B9 /* AppDelegate.swift */ = {isa = PBXFileReference; lastKnownFileType = sourcecode.swift; path = AppDelegate.swift; sourceTree = "<group>"; };
		18FAC7BB20F737F1006C89B9 /* Base */ = {isa = PBXFileReference; lastKnownFileType = file.storyboard; name = Base; path = Base.lproj/Main.storyboard; sourceTree = "<group>"; };
		18FAC7BD20F737FA006C89B9 /* Assets.xcassets */ = {isa = PBXFileReference; lastKnownFileType = folder.assetcatalog; path = Assets.xcassets; sourceTree = "<group>"; };
		18FAC7C020F737FA006C89B9 /* Base */ = {isa = PBXFileReference; lastKnownFileType = file.storyboard; name = Base; path = Base.lproj/LaunchScreen.storyboard; sourceTree = "<group>"; };
		18FAC7C220F737FA006C89B9 /* Info.plist */ = {isa = PBXFileReference; lastKnownFileType = text.plist.xml; path = Info.plist; sourceTree = "<group>"; };
		18FAC7C720F737FA006C89B9 /* Maa ShaktiTests.xctest */ = {isa = PBXFileReference; explicitFileType = wrapper.cfbundle; includeInIndex = 0; path = "Maa ShaktiTests.xctest"; sourceTree = BUILT_PRODUCTS_DIR; };
		18FAC7CB20F737FA006C89B9 /* Maa_ShaktiTests.swift */ = {isa = PBXFileReference; lastKnownFileType = sourcecode.swift; path = Maa_ShaktiTests.swift; sourceTree = "<group>"; };
		18FAC7CD20F737FA006C89B9 /* Info.plist */ = {isa = PBXFileReference; lastKnownFileType = text.plist.xml; path = Info.plist; sourceTree = "<group>"; };
		18FAC7D220F737FA006C89B9 /* Maa ShaktiUITests.xctest */ = {isa = PBXFileReference; explicitFileType = wrapper.cfbundle; includeInIndex = 0; path = "Maa ShaktiUITests.xctest"; sourceTree = BUILT_PRODUCTS_DIR; };
		18FAC7D620F737FA006C89B9 /* Maa_ShaktiUITests.swift */ = {isa = PBXFileReference; lastKnownFileType = sourcecode.swift; path = Maa_ShaktiUITests.swift; sourceTree = "<group>"; };
		18FAC7D820F737FA006C89B9 /* Info.plist */ = {isa = PBXFileReference; lastKnownFileType = text.plist.xml; path = Info.plist; sourceTree = "<group>"; };
		18FAC7E420F747B2006C89B9 /* SlideMenuViewController.swift */ = {isa = PBXFileReference; lastKnownFileType = sourcecode.swift; path = SlideMenuViewController.swift; sourceTree = "<group>"; };
		18FAC7EA20F7482F006C89B9 /* MenuViewController.swift */ = {isa = PBXFileReference; lastKnownFileType = sourcecode.swift; path = MenuViewController.swift; sourceTree = "<group>"; };
		18FAC7EC20F74841006C89B9 /* DashBoardViewController.swift */ = {isa = PBXFileReference; lastKnownFileType = sourcecode.swift; path = DashBoardViewController.swift; sourceTree = "<group>"; };
		18FAC7EF20F76DF2006C89B9 /* CustomFunctions.swift */ = {isa = PBXFileReference; lastKnownFileType = sourcecode.swift; path = CustomFunctions.swift; sourceTree = "<group>"; };
		18FAC7F120F76E07006C89B9 /* Constants.swift */ = {isa = PBXFileReference; lastKnownFileType = sourcecode.swift; path = Constants.swift; sourceTree = "<group>"; };
		18FAC7F320F772C4006C89B9 /* MenuTableViewCell.swift */ = {isa = PBXFileReference; lastKnownFileType = sourcecode.swift; path = MenuTableViewCell.swift; sourceTree = "<group>"; };
		18FAC7F520F78934006C89B9 /* ConfirmViewController.swift */ = {isa = PBXFileReference; lastKnownFileType = sourcecode.swift; path = ConfirmViewController.swift; sourceTree = "<group>"; };
		234B39C5AF8AD5988A67FDFE /* Pods_Maa_ShaktiTests.framework */ = {isa = PBXFileReference; explicitFileType = wrapper.framework; includeInIndex = 0; path = Pods_Maa_ShaktiTests.framework; sourceTree = BUILT_PRODUCTS_DIR; };
		2F0C0C722AC655C56B3ACE4A /* Pods_Maa_Shakti.framework */ = {isa = PBXFileReference; explicitFileType = wrapper.framework; includeInIndex = 0; path = Pods_Maa_Shakti.framework; sourceTree = BUILT_PRODUCTS_DIR; };
		388761154F71463C03F78C82 /* Pods_Maa_ShaktiUITests.framework */ = {isa = PBXFileReference; explicitFileType = wrapper.framework; includeInIndex = 0; path = Pods_Maa_ShaktiUITests.framework; sourceTree = BUILT_PRODUCTS_DIR; };
		40F9C14BDA08A53D181D6E0D /* Pods-Maa Shakti.debug.xcconfig */ = {isa = PBXFileReference; includeInIndex = 1; lastKnownFileType = text.xcconfig; name = "Pods-Maa Shakti.debug.xcconfig"; path = "Pods/Target Support Files/Pods-Maa Shakti/Pods-Maa Shakti.debug.xcconfig"; sourceTree = "<group>"; };
		92F02AD10537C4E068B41EE2 /* Pods-Maa ShaktiUITests.release.xcconfig */ = {isa = PBXFileReference; includeInIndex = 1; lastKnownFileType = text.xcconfig; name = "Pods-Maa ShaktiUITests.release.xcconfig"; path = "Pods/Target Support Files/Pods-Maa ShaktiUITests/Pods-Maa ShaktiUITests.release.xcconfig"; sourceTree = "<group>"; };
		B5F75350C3AA638592079F57 /* Pods-Maa Shakti.release.xcconfig */ = {isa = PBXFileReference; includeInIndex = 1; lastKnownFileType = text.xcconfig; name = "Pods-Maa Shakti.release.xcconfig"; path = "Pods/Target Support Files/Pods-Maa Shakti/Pods-Maa Shakti.release.xcconfig"; sourceTree = "<group>"; };
		C7EC86AD171FCD480183AEE9 /* Pods-Maa ShaktiTests.release.xcconfig */ = {isa = PBXFileReference; includeInIndex = 1; lastKnownFileType = text.xcconfig; name = "Pods-Maa ShaktiTests.release.xcconfig"; path = "Pods/Target Support Files/Pods-Maa ShaktiTests/Pods-Maa ShaktiTests.release.xcconfig"; sourceTree = "<group>"; };
		C9BBA3FEF6920CB4C97E6CD5 /* Pods-Maa ShaktiUITests.debug.xcconfig */ = {isa = PBXFileReference; includeInIndex = 1; lastKnownFileType = text.xcconfig; name = "Pods-Maa ShaktiUITests.debug.xcconfig"; path = "Pods/Target Support Files/Pods-Maa ShaktiUITests/Pods-Maa ShaktiUITests.debug.xcconfig"; sourceTree = "<group>"; };
		CAD9B7DA586147A9DFB81201 /* Pods-Maa ShaktiTests.debug.xcconfig */ = {isa = PBXFileReference; includeInIndex = 1; lastKnownFileType = text.xcconfig; name = "Pods-Maa ShaktiTests.debug.xcconfig"; path = "Pods/Target Support Files/Pods-Maa ShaktiTests/Pods-Maa ShaktiTests.debug.xcconfig"; sourceTree = "<group>"; };
/* End PBXFileReference section */

/* Begin PBXFrameworksBuildPhase section */
		18FAC7B020F737F1006C89B9 /* Frameworks */ = {
			isa = PBXFrameworksBuildPhase;
			buildActionMask = 2147483647;
			files = (
				EAF13466B5C71D414590B3D0 /* Pods_Maa_Shakti.framework in Frameworks */,
			);
			runOnlyForDeploymentPostprocessing = 0;
		};
		18FAC7C420F737FA006C89B9 /* Frameworks */ = {
			isa = PBXFrameworksBuildPhase;
			buildActionMask = 2147483647;
			files = (
				81ED3B0460367974EFFE3D63 /* Pods_Maa_ShaktiTests.framework in Frameworks */,
			);
			runOnlyForDeploymentPostprocessing = 0;
		};
		18FAC7CF20F737FA006C89B9 /* Frameworks */ = {
			isa = PBXFrameworksBuildPhase;
			buildActionMask = 2147483647;
			files = (
				B13C8456C4D1B7696990E98E /* Pods_Maa_ShaktiUITests.framework in Frameworks */,
			);
			runOnlyForDeploymentPostprocessing = 0;
		};
/* End PBXFrameworksBuildPhase section */

/* Begin PBXGroup section */
		18FAC7AA20F737F1006C89B9 = {
			isa = PBXGroup;
			children = (
				18FAC7EE20F76D3E006C89B9 /* Custom Files */,
				18FAC7B520F737F1006C89B9 /* Maa Shakti */,
				18FAC7CA20F737FA006C89B9 /* Maa ShaktiTests */,
				18FAC7D520F737FA006C89B9 /* Maa ShaktiUITests */,
				18FAC7B420F737F1006C89B9 /* Products */,
				32E8C4128334E782091A162B /* Pods */,
				5941EE2E8CF2A9D8B05D107E /* Frameworks */,
			);
			sourceTree = "<group>";
		};
		18FAC7B420F737F1006C89B9 /* Products */ = {
			isa = PBXGroup;
			children = (
				18FAC7B320F737F1006C89B9 /* Maa Shakti.app */,
				18FAC7C720F737FA006C89B9 /* Maa ShaktiTests.xctest */,
				18FAC7D220F737FA006C89B9 /* Maa ShaktiUITests.xctest */,
			);
			name = Products;
			sourceTree = "<group>";
		};
		18FAC7B520F737F1006C89B9 /* Maa Shakti */ = {
			isa = PBXGroup;
			children = (
				18FAC7B620F737F1006C89B9 /* AppDelegate.swift */,
				18FAC7E420F747B2006C89B9 /* SlideMenuViewController.swift */,
				18FAC7EA20F7482F006C89B9 /* MenuViewController.swift */,
				18FAC7F320F772C4006C89B9 /* MenuTableViewCell.swift */,
				18FAC7EC20F74841006C89B9 /* DashBoardViewController.swift */,
				18FAC7F520F78934006C89B9 /* ConfirmViewController.swift */,
				1822868820F8686D00941857 /* PersonalDetailsViewController.swift */,
				18FAC7BA20F737F1006C89B9 /* Main.storyboard */,
				18FAC7BD20F737FA006C89B9 /* Assets.xcassets */,
				18FAC7BF20F737FA006C89B9 /* LaunchScreen.storyboard */,
				18FAC7C220F737FA006C89B9 /* Info.plist */,
			);
			path = "Maa Shakti";
			sourceTree = "<group>";
		};
		18FAC7CA20F737FA006C89B9 /* Maa ShaktiTests */ = {
			isa = PBXGroup;
			children = (
				18FAC7CB20F737FA006C89B9 /* Maa_ShaktiTests.swift */,
				18FAC7CD20F737FA006C89B9 /* Info.plist */,
			);
			path = "Maa ShaktiTests";
			sourceTree = "<group>";
		};
		18FAC7D520F737FA006C89B9 /* Maa ShaktiUITests */ = {
			isa = PBXGroup;
			children = (
				18FAC7D620F737FA006C89B9 /* Maa_ShaktiUITests.swift */,
				18FAC7D820F737FA006C89B9 /* Info.plist */,
			);
			path = "Maa ShaktiUITests";
			sourceTree = "<group>";
		};
		18FAC7EE20F76D3E006C89B9 /* Custom Files */ = {
			isa = PBXGroup;
			children = (
				18FAC7EF20F76DF2006C89B9 /* CustomFunctions.swift */,
				18FAC7F120F76E07006C89B9 /* Constants.swift */,
			);
			path = "Custom Files";
			sourceTree = "<group>";
		};
		32E8C4128334E782091A162B /* Pods */ = {
			isa = PBXGroup;
			children = (
				40F9C14BDA08A53D181D6E0D /* Pods-Maa Shakti.debug.xcconfig */,
				B5F75350C3AA638592079F57 /* Pods-Maa Shakti.release.xcconfig */,
				CAD9B7DA586147A9DFB81201 /* Pods-Maa ShaktiTests.debug.xcconfig */,
				C7EC86AD171FCD480183AEE9 /* Pods-Maa ShaktiTests.release.xcconfig */,
				C9BBA3FEF6920CB4C97E6CD5 /* Pods-Maa ShaktiUITests.debug.xcconfig */,
				92F02AD10537C4E068B41EE2 /* Pods-Maa ShaktiUITests.release.xcconfig */,
			);
			name = Pods;
			sourceTree = "<group>";
		};
		5941EE2E8CF2A9D8B05D107E /* Frameworks */ = {
			isa = PBXGroup;
			children = (
				2F0C0C722AC655C56B3ACE4A /* Pods_Maa_Shakti.framework */,
				234B39C5AF8AD5988A67FDFE /* Pods_Maa_ShaktiTests.framework */,
				388761154F71463C03F78C82 /* Pods_Maa_ShaktiUITests.framework */,
			);
			name = Frameworks;
			sourceTree = "<group>";
		};
/* End PBXGroup section */

/* Begin PBXNativeTarget section */
		18FAC7B220F737F1006C89B9 /* Maa Shakti */ = {
			isa = PBXNativeTarget;
			buildConfigurationList = 18FAC7DB20F737FA006C89B9 /* Build configuration list for PBXNativeTarget "Maa Shakti" */;
			buildPhases = (
				116BF8237AEB9040AC8B5006 /* [CP] Check Pods Manifest.lock */,
				18FAC7AF20F737F1006C89B9 /* Sources */,
				18FAC7B020F737F1006C89B9 /* Frameworks */,
				18FAC7B120F737F1006C89B9 /* Resources */,
				E863C619EB278BA02CE0BA38 /* [CP] Embed Pods Frameworks */,
			);
			buildRules = (
			);
			dependencies = (
			);
			name = "Maa Shakti";
			productName = "Maa Shakti";
			productReference = 18FAC7B320F737F1006C89B9 /* Maa Shakti.app */;
			productType = "com.apple.product-type.application";
		};
		18FAC7C620F737FA006C89B9 /* Maa ShaktiTests */ = {
			isa = PBXNativeTarget;
			buildConfigurationList = 18FAC7DE20F737FA006C89B9 /* Build configuration list for PBXNativeTarget "Maa ShaktiTests" */;
			buildPhases = (
				A9BCE8A3E447F09622D2C528 /* [CP] Check Pods Manifest.lock */,
				18FAC7C320F737FA006C89B9 /* Sources */,
				18FAC7C420F737FA006C89B9 /* Frameworks */,
				18FAC7C520F737FA006C89B9 /* Resources */,
			);
			buildRules = (
			);
			dependencies = (
				18FAC7C920F737FA006C89B9 /* PBXTargetDependency */,
			);
			name = "Maa ShaktiTests";
			productName = "Maa ShaktiTests";
			productReference = 18FAC7C720F737FA006C89B9 /* Maa ShaktiTests.xctest */;
			productType = "com.apple.product-type.bundle.unit-test";
		};
		18FAC7D120F737FA006C89B9 /* Maa ShaktiUITests */ = {
			isa = PBXNativeTarget;
			buildConfigurationList = 18FAC7E120F737FA006C89B9 /* Build configuration list for PBXNativeTarget "Maa ShaktiUITests" */;
			buildPhases = (
				972E39C235E7781271E1E304 /* [CP] Check Pods Manifest.lock */,
				18FAC7CE20F737FA006C89B9 /* Sources */,
				18FAC7CF20F737FA006C89B9 /* Frameworks */,
				18FAC7D020F737FA006C89B9 /* Resources */,
			);
			buildRules = (
			);
			dependencies = (
				18FAC7D420F737FA006C89B9 /* PBXTargetDependency */,
			);
			name = "Maa ShaktiUITests";
			productName = "Maa ShaktiUITests";
			productReference = 18FAC7D220F737FA006C89B9 /* Maa ShaktiUITests.xctest */;
			productType = "com.apple.product-type.bundle.ui-testing";
		};
/* End PBXNativeTarget section */

/* Begin PBXProject section */
		18FAC7AB20F737F1006C89B9 /* Project object */ = {
			isa = PBXProject;
			attributes = {
				LastSwiftUpdateCheck = 0940;
				LastUpgradeCheck = 0940;
				ORGANIZATIONNAME = Apple;
				TargetAttributes = {
					18FAC7B220F737F1006C89B9 = {
						CreatedOnToolsVersion = 9.4.1;
					};
					18FAC7C620F737FA006C89B9 = {
						CreatedOnToolsVersion = 9.4.1;
						TestTargetID = 18FAC7B220F737F1006C89B9;
					};
					18FAC7D120F737FA006C89B9 = {
						CreatedOnToolsVersion = 9.4.1;
						TestTargetID = 18FAC7B220F737F1006C89B9;
					};
				};
			};
			buildConfigurationList = 18FAC7AE20F737F1006C89B9 /* Build configuration list for PBXProject "Maa Shakti" */;
			compatibilityVersion = "Xcode 9.3";
			developmentRegion = en;
			hasScannedForEncodings = 0;
			knownRegions = (
				en,
				Base,
			);
			mainGroup = 18FAC7AA20F737F1006C89B9;
			productRefGroup = 18FAC7B420F737F1006C89B9 /* Products */;
			projectDirPath = "";
			projectRoot = "";
			targets = (
				18FAC7B220F737F1006C89B9 /* Maa Shakti */,
				18FAC7C620F737FA006C89B9 /* Maa ShaktiTests */,
				18FAC7D120F737FA006C89B9 /* Maa ShaktiUITests */,
			);
		};
/* End PBXProject section */

/* Begin PBXResourcesBuildPhase section */
		18FAC7B120F737F1006C89B9 /* Resources */ = {
			isa = PBXResourcesBuildPhase;
			buildActionMask = 2147483647;
			files = (
				18FAC7C120F737FA006C89B9 /* LaunchScreen.storyboard in Resources */,
				18FAC7BE20F737FA006C89B9 /* Assets.xcassets in Resources */,
				18FAC7BC20F737F1006C89B9 /* Main.storyboard in Resources */,
			);
			runOnlyForDeploymentPostprocessing = 0;
		};
		18FAC7C520F737FA006C89B9 /* Resources */ = {
			isa = PBXResourcesBuildPhase;
			buildActionMask = 2147483647;
			files = (
			);
			runOnlyForDeploymentPostprocessing = 0;
		};
		18FAC7D020F737FA006C89B9 /* Resources */ = {
			isa = PBXResourcesBuildPhase;
			buildActionMask = 2147483647;
			files = (
			);
			runOnlyForDeploymentPostprocessing = 0;
		};
/* End PBXResourcesBuildPhase section */

/* Begin PBXShellScriptBuildPhase section */
		116BF8237AEB9040AC8B5006 /* [CP] Check Pods Manifest.lock */ = {
			isa = PBXShellScriptBuildPhase;
			buildActionMask = 2147483647;
			files = (
			);
			inputPaths = (
				"${PODS_PODFILE_DIR_PATH}/Podfile.lock",
				"${PODS_ROOT}/Manifest.lock",
			);
			name = "[CP] Check Pods Manifest.lock";
			outputPaths = (
				"$(DERIVED_FILE_DIR)/Pods-Maa Shakti-checkManifestLockResult.txt",
			);
			runOnlyForDeploymentPostprocessing = 0;
			shellPath = /bin/sh;
			shellScript = "diff \"${PODS_PODFILE_DIR_PATH}/Podfile.lock\" \"${PODS_ROOT}/Manifest.lock\" > /dev/null\nif [ $? != 0 ] ; then\n    # print error to STDERR\n    echo \"error: The sandbox is not in sync with the Podfile.lock. Run 'pod install' or update your CocoaPods installation.\" >&2\n    exit 1\nfi\n# This output is used by Xcode 'outputs' to avoid re-running this script phase.\necho \"SUCCESS\" > \"${SCRIPT_OUTPUT_FILE_0}\"\n";
			showEnvVarsInLog = 0;
		};
		972E39C235E7781271E1E304 /* [CP] Check Pods Manifest.lock */ = {
			isa = PBXShellScriptBuildPhase;
			buildActionMask = 2147483647;
			files = (
			);
			inputPaths = (
				"${PODS_PODFILE_DIR_PATH}/Podfile.lock",
				"${PODS_ROOT}/Manifest.lock",
			);
			name = "[CP] Check Pods Manifest.lock";
			outputPaths = (
				"$(DERIVED_FILE_DIR)/Pods-Maa ShaktiUITests-checkManifestLockResult.txt",
			);
			runOnlyForDeploymentPostprocessing = 0;
			shellPath = /bin/sh;
			shellScript = "diff \"${PODS_PODFILE_DIR_PATH}/Podfile.lock\" \"${PODS_ROOT}/Manifest.lock\" > /dev/null\nif [ $? != 0 ] ; then\n    # print error to STDERR\n    echo \"error: The sandbox is not in sync with the Podfile.lock. Run 'pod install' or update your CocoaPods installation.\" >&2\n    exit 1\nfi\n# This output is used by Xcode 'outputs' to avoid re-running this script phase.\necho \"SUCCESS\" > \"${SCRIPT_OUTPUT_FILE_0}\"\n";
			showEnvVarsInLog = 0;
		};
		A9BCE8A3E447F09622D2C528 /* [CP] Check Pods Manifest.lock */ = {
			isa = PBXShellScriptBuildPhase;
			buildActionMask = 2147483647;
			files = (
			);
			inputPaths = (
				"${PODS_PODFILE_DIR_PATH}/Podfile.lock",
				"${PODS_ROOT}/Manifest.lock",
			);
			name = "[CP] Check Pods Manifest.lock";
			outputPaths = (
				"$(DERIVED_FILE_DIR)/Pods-Maa ShaktiTests-checkManifestLockResult.txt",
			);
			runOnlyForDeploymentPostprocessing = 0;
			shellPath = /bin/sh;
			shellScript = "diff \"${PODS_PODFILE_DIR_PATH}/Podfile.lock\" \"${PODS_ROOT}/Manifest.lock\" > /dev/null\nif [ $? != 0 ] ; then\n    # print error to STDERR\n    echo \"error: The sandbox is not in sync with the Podfile.lock. Run 'pod install' or update your CocoaPods installation.\" >&2\n    exit 1\nfi\n# This output is used by Xcode 'outputs' to avoid re-running this script phase.\necho \"SUCCESS\" > \"${SCRIPT_OUTPUT_FILE_0}\"\n";
			showEnvVarsInLog = 0;
		};
		E863C619EB278BA02CE0BA38 /* [CP] Embed Pods Frameworks */ = {
			isa = PBXShellScriptBuildPhase;
			buildActionMask = 2147483647;
			files = (
			);
			inputPaths = (
				"${SRCROOT}/Pods/Target Support Files/Pods-Maa Shakti/Pods-Maa Shakti-frameworks.sh",
				"${BUILT_PRODUCTS_DIR}/Alamofire/Alamofire.framework",
				"${BUILT_PRODUCTS_DIR}/FSCalendar/FSCalendar.framework",
				"${BUILT_PRODUCTS_DIR}/MBProgressHUD/MBProgressHUD.framework",
				"${BUILT_PRODUCTS_DIR}/SDWebImage/SDWebImage.framework",
				"${BUILT_PRODUCTS_DIR}/SlideMenuControllerSwift/SlideMenuControllerSwift.framework",
				"${BUILT_PRODUCTS_DIR}/SwiftyJSON/SwiftyJSON.framework",
			);
			name = "[CP] Embed Pods Frameworks";
			outputPaths = (
				"${TARGET_BUILD_DIR}/${FRAMEWORKS_FOLDER_PATH}/Alamofire.framework",
				"${TARGET_BUILD_DIR}/${FRAMEWORKS_FOLDER_PATH}/FSCalendar.framework",
				"${TARGET_BUILD_DIR}/${FRAMEWORKS_FOLDER_PATH}/MBProgressHUD.framework",
				"${TARGET_BUILD_DIR}/${FRAMEWORKS_FOLDER_PATH}/SDWebImage.framework",
				"${TARGET_BUILD_DIR}/${FRAMEWORKS_FOLDER_PATH}/SlideMenuControllerSwift.framework",
				"${TARGET_BUILD_DIR}/${FRAMEWORKS_FOLDER_PATH}/SwiftyJSON.framework",
			);
			runOnlyForDeploymentPostprocessing = 0;
			shellPath = /bin/sh;
			shellScript = "\"${SRCROOT}/Pods/Target Support Files/Pods-Maa Shakti/Pods-Maa Shakti-frameworks.sh\"\n";
			showEnvVarsInLog = 0;
		};
/* End PBXShellScriptBuildPhase section */

/* Begin PBXSourcesBuildPhase section */
		18FAC7AF20F737F1006C89B9 /* Sources */ = {
			isa = PBXSourcesBuildPhase;
			buildActionMask = 2147483647;
			files = (
				18FAC7E520F747B2006C89B9 /* SlideMenuViewController.swift in Sources */,
				18FAC7EB20F7482F006C89B9 /* MenuViewController.swift in Sources */,
				18FAC7F420F772C4006C89B9 /* MenuTableViewCell.swift in Sources */,
				18FAC7F620F78934006C89B9 /* ConfirmViewController.swift in Sources */,
				1822868920F8686D00941857 /* PersonalDetailsViewController.swift in Sources */,
				18FAC7F020F76DF2006C89B9 /* CustomFunctions.swift in Sources */,
				18FAC7B720F737F1006C89B9 /* AppDelegate.swift in Sources */,
				18FAC7ED20F74841006C89B9 /* DashBoardViewController.swift in Sources */,
				18FAC7F220F76E07006C89B9 /* Constants.swift in Sources */,
			);
			runOnlyForDeploymentPostprocessing = 0;
		};
		18FAC7C320F737FA006C89B9 /* Sources */ = {
			isa = PBXSourcesBuildPhase;
			buildActionMask = 2147483647;
			files = (
				18FAC7CC20F737FA006C89B9 /* Maa_ShaktiTests.swift in Sources */,
			);
			runOnlyForDeploymentPostprocessing = 0;
		};
		18FAC7CE20F737FA006C89B9 /* Sources */ = {
			isa = PBXSourcesBuildPhase;
			buildActionMask = 2147483647;
			files = (
				18FAC7D720F737FA006C89B9 /* Maa_ShaktiUITests.swift in Sources */,
			);
			runOnlyForDeploymentPostprocessing = 0;
		};
/* End PBXSourcesBuildPhase section */

/* Begin PBXTargetDependency section */
		18FAC7C920F737FA006C89B9 /* PBXTargetDependency */ = {
			isa = PBXTargetDependency;
			target = 18FAC7B220F737F1006C89B9 /* Maa Shakti */;
			targetProxy = 18FAC7C820F737FA006C89B9 /* PBXContainerItemProxy */;
		};
		18FAC7D420F737FA006C89B9 /* PBXTargetDependency */ = {
			isa = PBXTargetDependency;
			target = 18FAC7B220F737F1006C89B9 /* Maa Shakti */;
			targetProxy = 18FAC7D320F737FA006C89B9 /* PBXContainerItemProxy */;
		};
/* End PBXTargetDependency section */

/* Begin PBXVariantGroup section */
		18FAC7BA20F737F1006C89B9 /* Main.storyboard */ = {
			isa = PBXVariantGroup;
			children = (
				18FAC7BB20F737F1006C89B9 /* Base */,
			);
			name = Main.storyboard;
			sourceTree = "<group>";
		};
		18FAC7BF20F737FA006C89B9 /* LaunchScreen.storyboard */ = {
			isa = PBXVariantGroup;
			children = (
				18FAC7C020F737FA006C89B9 /* Base */,
			);
			name = LaunchScreen.storyboard;
			sourceTree = "<group>";
		};
/* End PBXVariantGroup section */

/* Begin XCBuildConfiguration section */
		18FAC7D920F737FA006C89B9 /* Debug */ = {
			isa = XCBuildConfiguration;
			buildSettings = {
				ALWAYS_SEARCH_USER_PATHS = NO;
				CLANG_ANALYZER_NONNULL = YES;
				CLANG_ANALYZER_NUMBER_OBJECT_CONVERSION = YES_AGGRESSIVE;
				CLANG_CXX_LANGUAGE_STANDARD = "gnu++14";
				CLANG_CXX_LIBRARY = "libc++";
				CLANG_ENABLE_MODULES = YES;
				CLANG_ENABLE_OBJC_ARC = YES;
				CLANG_ENABLE_OBJC_WEAK = YES;
				CLANG_WARN_BLOCK_CAPTURE_AUTORELEASING = YES;
				CLANG_WARN_BOOL_CONVERSION = YES;
				CLANG_WARN_COMMA = YES;
				CLANG_WARN_CONSTANT_CONVERSION = YES;
				CLANG_WARN_DEPRECATED_OBJC_IMPLEMENTATIONS = YES;
				CLANG_WARN_DIRECT_OBJC_ISA_USAGE = YES_ERROR;
				CLANG_WARN_DOCUMENTATION_COMMENTS = YES;
				CLANG_WARN_EMPTY_BODY = YES;
				CLANG_WARN_ENUM_CONVERSION = YES;
				CLANG_WARN_INFINITE_RECURSION = YES;
				CLANG_WARN_INT_CONVERSION = YES;
				CLANG_WARN_NON_LITERAL_NULL_CONVERSION = YES;
				CLANG_WARN_OBJC_IMPLICIT_RETAIN_SELF = YES;
				CLANG_WARN_OBJC_LITERAL_CONVERSION = YES;
				CLANG_WARN_OBJC_ROOT_CLASS = YES_ERROR;
				CLANG_WARN_RANGE_LOOP_ANALYSIS = YES;
				CLANG_WARN_STRICT_PROTOTYPES = YES;
				CLANG_WARN_SUSPICIOUS_MOVE = YES;
				CLANG_WARN_UNGUARDED_AVAILABILITY = YES_AGGRESSIVE;
				CLANG_WARN_UNREACHABLE_CODE = YES;
				CLANG_WARN__DUPLICATE_METHOD_MATCH = YES;
				CODE_SIGN_IDENTITY = "iPhone Developer";
				COPY_PHASE_STRIP = NO;
				DEBUG_INFORMATION_FORMAT = dwarf;
				ENABLE_STRICT_OBJC_MSGSEND = YES;
				ENABLE_TESTABILITY = YES;
				GCC_C_LANGUAGE_STANDARD = gnu11;
				GCC_DYNAMIC_NO_PIC = NO;
				GCC_NO_COMMON_BLOCKS = YES;
				GCC_OPTIMIZATION_LEVEL = 0;
				GCC_PREPROCESSOR_DEFINITIONS = (
					"DEBUG=1",
					"$(inherited)",
				);
				GCC_WARN_64_TO_32_BIT_CONVERSION = YES;
				GCC_WARN_ABOUT_RETURN_TYPE = YES_ERROR;
				GCC_WARN_UNDECLARED_SELECTOR = YES;
				GCC_WARN_UNINITIALIZED_AUTOS = YES_AGGRESSIVE;
				GCC_WARN_UNUSED_FUNCTION = YES;
				GCC_WARN_UNUSED_VARIABLE = YES;
				IPHONEOS_DEPLOYMENT_TARGET = 11.4;
				MTL_ENABLE_DEBUG_INFO = YES;
				ONLY_ACTIVE_ARCH = YES;
				SDKROOT = iphoneos;
				SWIFT_ACTIVE_COMPILATION_CONDITIONS = DEBUG;
				SWIFT_OPTIMIZATION_LEVEL = "-Onone";
			};
			name = Debug;
		};
		18FAC7DA20F737FA006C89B9 /* Release */ = {
			isa = XCBuildConfiguration;
			buildSettings = {
				ALWAYS_SEARCH_USER_PATHS = NO;
				CLANG_ANALYZER_NONNULL = YES;
				CLANG_ANALYZER_NUMBER_OBJECT_CONVERSION = YES_AGGRESSIVE;
				CLANG_CXX_LANGUAGE_STANDARD = "gnu++14";
				CLANG_CXX_LIBRARY = "libc++";
				CLANG_ENABLE_MODULES = YES;
				CLANG_ENABLE_OBJC_ARC = YES;
				CLANG_ENABLE_OBJC_WEAK = YES;
				CLANG_WARN_BLOCK_CAPTURE_AUTORELEASING = YES;
				CLANG_WARN_BOOL_CONVERSION = YES;
				CLANG_WARN_COMMA = YES;
				CLANG_WARN_CONSTANT_CONVERSION = YES;
				CLANG_WARN_DEPRECATED_OBJC_IMPLEMENTATIONS = YES;
				CLANG_WARN_DIRECT_OBJC_ISA_USAGE = YES_ERROR;
				CLANG_WARN_DOCUMENTATION_COMMENTS = YES;
				CLANG_WARN_EMPTY_BODY = YES;
				CLANG_WARN_ENUM_CONVERSION = YES;
				CLANG_WARN_INFINITE_RECURSION = YES;
				CLANG_WARN_INT_CONVERSION = YES;
				CLANG_WARN_NON_LITERAL_NULL_CONVERSION = YES;
				CLANG_WARN_OBJC_IMPLICIT_RETAIN_SELF = YES;
				CLANG_WARN_OBJC_LITERAL_CONVERSION = YES;
				CLANG_WARN_OBJC_ROOT_CLASS = YES_ERROR;
				CLANG_WARN_RANGE_LOOP_ANALYSIS = YES;
				CLANG_WARN_STRICT_PROTOTYPES = YES;
				CLANG_WARN_SUSPICIOUS_MOVE = YES;
				CLANG_WARN_UNGUARDED_AVAILABILITY = YES_AGGRESSIVE;
				CLANG_WARN_UNREACHABLE_CODE = YES;
				CLANG_WARN__DUPLICATE_METHOD_MATCH = YES;
				CODE_SIGN_IDENTITY = "iPhone Developer";
				COPY_PHASE_STRIP = NO;
				DEBUG_INFORMATION_FORMAT = "dwarf-with-dsym";
				ENABLE_NS_ASSERTIONS = NO;
				ENABLE_STRICT_OBJC_MSGSEND = YES;
				GCC_C_LANGUAGE_STANDARD = gnu11;
				GCC_NO_COMMON_BLOCKS = YES;
				GCC_WARN_64_TO_32_BIT_CONVERSION = YES;
				GCC_WARN_ABOUT_RETURN_TYPE = YES_ERROR;
				GCC_WARN_UNDECLARED_SELECTOR = YES;
				GCC_WARN_UNINITIALIZED_AUTOS = YES_AGGRESSIVE;
				GCC_WARN_UNUSED_FUNCTION = YES;
				GCC_WARN_UNUSED_VARIABLE = YES;
				IPHONEOS_DEPLOYMENT_TARGET = 11.4;
				MTL_ENABLE_DEBUG_INFO = NO;
				SDKROOT = iphoneos;
				SWIFT_COMPILATION_MODE = wholemodule;
				SWIFT_OPTIMIZATION_LEVEL = "-O";
				VALIDATE_PRODUCT = YES;
			};
			name = Release;
		};
		18FAC7DC20F737FA006C89B9 /* Debug */ = {
			isa = XCBuildConfiguration;
			baseConfigurationReference = 40F9C14BDA08A53D181D6E0D /* Pods-Maa Shakti.debug.xcconfig */;
			buildSettings = {
				ASSETCATALOG_COMPILER_APPICON_NAME = AppIcon;
				CODE_SIGN_STYLE = Automatic;
				DEVELOPMENT_TEAM = 3NWJFVU6RP;
				INFOPLIST_FILE = "Maa Shakti/Info.plist";
				LD_RUNPATH_SEARCH_PATHS = "$(inherited) @executable_path/Frameworks";
				PRODUCT_BUNDLE_IDENTIFIER = "com.kavitinfoline.Maa-Shakti";
				PRODUCT_NAME = "$(TARGET_NAME)";
				SWIFT_VERSION = 4.0;
				TARGETED_DEVICE_FAMILY = "1,2";
			};
			name = Debug;
		};
		18FAC7DD20F737FA006C89B9 /* Release */ = {
			isa = XCBuildConfiguration;
			baseConfigurationReference = B5F75350C3AA638592079F57 /* Pods-Maa Shakti.release.xcconfig */;
			buildSettings = {
				ASSETCATALOG_COMPILER_APPICON_NAME = AppIcon;
				CODE_SIGN_STYLE = Automatic;
				DEVELOPMENT_TEAM = 3NWJFVU6RP;
				INFOPLIST_FILE = "Maa Shakti/Info.plist";
				LD_RUNPATH_SEARCH_PATHS = "$(inherited) @executable_path/Frameworks";
				PRODUCT_BUNDLE_IDENTIFIER = "com.kavitinfoline.Maa-Shakti";
				PRODUCT_NAME = "$(TARGET_NAME)";
				SWIFT_VERSION = 4.0;
				TARGETED_DEVICE_FAMILY = "1,2";
			};
			name = Release;
		};
		18FAC7DF20F737FA006C89B9 /* Debug */ = {
			isa = XCBuildConfiguration;
			baseConfigurationReference = CAD9B7DA586147A9DFB81201 /* Pods-Maa ShaktiTests.debug.xcconfig */;
			buildSettings = {
				ALWAYS_EMBED_SWIFT_STANDARD_LIBRARIES = YES;
				BUNDLE_LOADER = "$(TEST_HOST)";
				CODE_SIGN_STYLE = Automatic;
				DEVELOPMENT_TEAM = 3NWJFVU6RP;
				INFOPLIST_FILE = "Maa ShaktiTests/Info.plist";
				LD_RUNPATH_SEARCH_PATHS = "$(inherited) @executable_path/Frameworks @loader_path/Frameworks";
				PRODUCT_BUNDLE_IDENTIFIER = "com.kavitinfoline.Maa-ShaktiTests";
				PRODUCT_NAME = "$(TARGET_NAME)";
				SWIFT_VERSION = 4.0;
				TARGETED_DEVICE_FAMILY = "1,2";
				TEST_HOST = "$(BUILT_PRODUCTS_DIR)/Maa Shakti.app/Maa Shakti";
			};
			name = Debug;
		};
		18FAC7E020F737FA006C89B9 /* Release */ = {
			isa = XCBuildConfiguration;
			baseConfigurationReference = C7EC86AD171FCD480183AEE9 /* Pods-Maa ShaktiTests.release.xcconfig */;
			buildSettings = {
				ALWAYS_EMBED_SWIFT_STANDARD_LIBRARIES = YES;
				BUNDLE_LOADER = "$(TEST_HOST)";
				CODE_SIGN_STYLE = Automatic;
				DEVELOPMENT_TEAM = 3NWJFVU6RP;
				INFOPLIST_FILE = "Maa ShaktiTests/Info.plist";
				LD_RUNPATH_SEARCH_PATHS = "$(inherited) @executable_path/Frameworks @loader_path/Frameworks";
				PRODUCT_BUNDLE_IDENTIFIER = "com.kavitinfoline.Maa-ShaktiTests";
				PRODUCT_NAME = "$(TARGET_NAME)";
				SWIFT_VERSION = 4.0;
				TARGETED_DEVICE_FAMILY = "1,2";
				TEST_HOST = "$(BUILT_PRODUCTS_DIR)/Maa Shakti.app/Maa Shakti";
			};
			name = Release;
		};
		18FAC7E220F737FA006C89B9 /* Debug */ = {
			isa = XCBuildConfiguration;
			baseConfigurationReference = C9BBA3FEF6920CB4C97E6CD5 /* Pods-Maa ShaktiUITests.debug.xcconfig */;
			buildSettings = {
				ALWAYS_EMBED_SWIFT_STANDARD_LIBRARIES = YES;
				CODE_SIGN_STYLE = Automatic;
				DEVELOPMENT_TEAM = 3NWJFVU6RP;
				INFOPLIST_FILE = "Maa ShaktiUITests/Info.plist";
				LD_RUNPATH_SEARCH_PATHS = "$(inherited) @executable_path/Frameworks @loader_path/Frameworks";
				PRODUCT_BUNDLE_IDENTIFIER = "com.kavitinfoline.Maa-ShaktiUITests";
				PRODUCT_NAME = "$(TARGET_NAME)";
				SWIFT_VERSION = 4.0;
				TARGETED_DEVICE_FAMILY = "1,2";
				TEST_TARGET_NAME = "Maa Shakti";
			};
			name = Debug;
		};
		18FAC7E320F737FA006C89B9 /* Release */ = {
			isa = XCBuildConfiguration;
			baseConfigurationReference = 92F02AD10537C4E068B41EE2 /* Pods-Maa ShaktiUITests.release.xcconfig */;
			buildSettings = {
				ALWAYS_EMBED_SWIFT_STANDARD_LIBRARIES = YES;
				CODE_SIGN_STYLE = Automatic;
				DEVELOPMENT_TEAM = 3NWJFVU6RP;
				INFOPLIST_FILE = "Maa ShaktiUITests/Info.plist";
				LD_RUNPATH_SEARCH_PATHS = "$(inherited) @executable_path/Frameworks @loader_path/Frameworks";
				PRODUCT_BUNDLE_IDENTIFIER = "com.kavitinfoline.Maa-ShaktiUITests";
				PRODUCT_NAME = "$(TARGET_NAME)";
				SWIFT_VERSION = 4.0;
				TARGETED_DEVICE_FAMILY = "1,2";
				TEST_TARGET_NAME = "Maa Shakti";
			};
			name = Release;
		};
/* End XCBuildConfiguration section */

/* Begin XCConfigurationList section */
		18FAC7AE20F737F1006C89B9 /* Build configuration list for PBXProject "Maa Shakti" */ = {
			isa = XCConfigurationList;
			buildConfigurations = (
				18FAC7D920F737FA006C89B9 /* Debug */,
				18FAC7DA20F737FA006C89B9 /* Release */,
			);
			defaultConfigurationIsVisible = 0;
			defaultConfigurationName = Release;
		};
		18FAC7DB20F737FA006C89B9 /* Build configuration list for PBXNativeTarget "Maa Shakti" */ = {
			isa = XCConfigurationList;
			buildConfigurations = (
				18FAC7DC20F737FA006C89B9 /* Debug */,
				18FAC7DD20F737FA006C89B9 /* Release */,
			);
			defaultConfigurationIsVisible = 0;
			defaultConfigurationName = Release;
		};
		18FAC7DE20F737FA006C89B9 /* Build configuration list for PBXNativeTarget "Maa ShaktiTests" */ = {
			isa = XCConfigurationList;
			buildConfigurations = (
				18FAC7DF20F737FA006C89B9 /* Debug */,
				18FAC7E020F737FA006C89B9 /* Release */,
			);
			defaultConfigurationIsVisible = 0;
			defaultConfigurationName = Release;
		};
		18FAC7E120F737FA006C89B9 /* Build configuration list for PBXNativeTarget "Maa ShaktiUITests" */ = {
			isa = XCConfigurationList;
			buildConfigurations = (
				18FAC7E220F737FA006C89B9 /* Debug */,
				18FAC7E320F737FA006C89B9 /* Release */,
			);
			defaultConfigurationIsVisible = 0;
			defaultConfigurationName = Release;
		};
/* End XCConfigurationList section */
	};
	rootObject = 18FAC7AB20F737F1006C89B9 /* Project object */;
}
